
Microsoft Visual Studio Solution File, Format Version 12.00
# Visual Studio Version 17
VisualStudioVersion = 17.11.35312.102
MinimumVisualStudioVersion = 10.0.40219.1
Project("{FAE04EC0-301F-11D3-BF4B-00C04F79EFBC}") = "MixFlix.Crawler", "MixFlix.Crawler\MixFlix.Crawler.csproj", "{37AA0B93-552B-408C-B2A8-FC8C94AC13B6}"
EndProject
Project("{FAE04EC0-301F-11D3-BF4B-00C04F79EFBC}") = "MixFlix.Data", "MixFlix.Data\MixFlix.Data.csproj", "{D9319ED8-79C8-49D6-82EA-E03A3DF60211}"
EndProject
Project("{FAE04EC0-301F-11D3-BF4B-00C04F79EFBC}") = "MixFlix.Web", "MixFlix.Web\MixFlix.Web.csproj", "{097D815B-B199-4A63-8917-487993C5D71E}"
EndProject
Global
	GlobalSection(SolutionConfigurationPlatforms) = preSolution
		Debug|Any CPU = Debug|Any CPU
		Release|Any CPU = Release|Any CPU
	EndGlobalSection
	GlobalSection(ProjectConfigurationPlatforms) = postSolution
		{37AA0B93-552B-408C-B2A8-FC8C94AC13B6}.Debug|Any CPU.ActiveCfg = Debug|Any CPU
		{37AA0B93-552B-408C-B2A8-FC8C94AC13B6}.Debug|Any CPU.Build.0 = Debug|Any CPU
		{37AA0B93-552B-408C-B2A8-FC8C94AC13B6}.Release|Any CPU.ActiveCfg = Release|Any CPU
		{37AA0B93-552B-408C-B2A8-FC8C94AC13B6}.Release|Any CPU.Build.0 = Release|Any CPU
		{D9319ED8-79C8-49D6-82EA-E03A3DF60211}.Debug|Any CPU.ActiveCfg = Debug|Any CPU
		{D9319ED8-79C8-49D6-82EA-E03A3DF60211}.Debug|Any CPU.Build.0 = Debug|Any CPU
		{D9319ED8-79C8-49D6-82EA-E03A3DF60211}.Release|Any CPU.ActiveCfg = Release|Any CPU
		{D9319ED8-79C8-49D6-82EA-E03A3DF60211}.Release|Any CPU.Build.0 = Release|Any CPU
		{097D815B-B199-4A63-8917-487993C5D71E}.Debug|Any CPU.ActiveCfg = Debug|Any CPU
		{097D815B-B199-4A63-8917-487993C5D71E}.Debug|Any CPU.Build.0 = Debug|Any CPU
		{097D815B-B199-4A63-8917-487993C5D71E}.Release|Any CPU.ActiveCfg = Release|Any CPU
		{097D815B-B199-4A63-8917-487993C5D71E}.Release|Any CPU.Build.0 = Release|Any CPU
	EndGlobalSection
	GlobalSection(SolutionProperties) = preSolution
		HideSolutionNode = FALSE
	EndGlobalSection
	GlobalSection(ExtensibilityGlobals) = postSolution
		SolutionGuid = {EC9C9814-477C-4007-A1B3-B8DEB521351B}
	EndGlobalSection
EndGlobal
